{
  "requires": true,
  "lockfileVersion": 1,
  "dependencies": {
    "aslo": {
      "version": "1.0.0",
      "resolved": "https://registry.npmjs.org/aslo/-/aslo-1.0.0.tgz",
      "integrity": "sha512-yQIW67/RhOEb6QyVPS1Nbi6KI9hVWTrfRUz87IP1WeoQSo4DpI3fO7RtGskbj325bO78OCg9pDrF7QzUyPcSAw==",
      "requires": {
        "fnif": "1.0.0"
      }
    },
    "fnif": {
      "version": "1.0.0",
      "resolved": "https://registry.npmjs.org/fnif/-/fnif-1.0.0.tgz",
      "integrity": "sha512-NX2sx5+K225bab0muoPw8HBVmVoZGyjh6bFhPoZ6JIu0LYb8yywATH9qTt0QxigEwiwa8WkG0hwMJUrjaorsYQ=="
    }
  }
}
